
Microsoft Visual Studio Solution File, Format Version 12.00
# Visual Studio Version 17
VisualStudioVersion = 17.4.33213.308
MinimumVisualStudioVersion = 10.0.40219.1
Project("{FAE04EC0-301F-11D3-BF4B-00C04F79EFBC}") = "LineComparision", "LineComparision\LineComparision.csproj", "{66EBA812-1A2B-423D-9BE8-2CF4F616BBCD}"
EndProject
Global
	GlobalSection(SolutionConfigurationPlatforms) = preSolution
		Debug|Any CPU = Debug|Any CPU
		Release|Any CPU = Release|Any CPU
	EndGlobalSection
	GlobalSection(ProjectConfigurationPlatforms) = postSolution
		{66EBA812-1A2B-423D-9BE8-2CF4F616BBCD}.Debug|Any CPU.ActiveCfg = Debug|Any CPU
		{66EBA812-1A2B-423D-9BE8-2CF4F616BBCD}.Debug|Any CPU.Build.0 = Debug|Any CPU
		{66EBA812-1A2B-423D-9BE8-2CF4F616BBCD}.Release|Any CPU.ActiveCfg = Release|Any CPU
		{66EBA812-1A2B-423D-9BE8-2CF4F616BBCD}.Release|Any CPU.Build.0 = Release|Any CPU
	EndGlobalSection
	GlobalSection(SolutionProperties) = preSolution
		HideSolutionNode = FALSE
	EndGlobalSection
	GlobalSection(ExtensibilityGlobals) = postSolution
		SolutionGuid = {A1C666BE-68F2-4072-9844-2D05448A3E15}
	EndGlobalSection
EndGlobal
